
Microsoft Visual Studio Solution File, Format Version 12.00
# Visual Studio Version 16
VisualStudioVersion = 16.0.30717.126
MinimumVisualStudioVersion = 10.0.40219.1
Project("{FAE04EC0-301F-11D3-BF4B-00C04F79EFBC}") = "Dependency inversion principle", "Dependency inversion principle\Dependency inversion principle.csproj", "{AF7E0929-20E8-400B-9AB8-CE411E89CCC1}"
EndProject
Global
	GlobalSection(SolutionConfigurationPlatforms) = preSolution
		Debug|Any CPU = Debug|Any CPU
		Release|Any CPU = Release|Any CPU
	EndGlobalSection
	GlobalSection(ProjectConfigurationPlatforms) = postSolution
		{AF7E0929-20E8-400B-9AB8-CE411E89CCC1}.Debug|Any CPU.ActiveCfg = Debug|Any CPU
		{AF7E0929-20E8-400B-9AB8-CE411E89CCC1}.Debug|Any CPU.Build.0 = Debug|Any CPU
		{AF7E0929-20E8-400B-9AB8-CE411E89CCC1}.Release|Any CPU.ActiveCfg = Release|Any CPU
		{AF7E0929-20E8-400B-9AB8-CE411E89CCC1}.Release|Any CPU.Build.0 = Release|Any CPU
	EndGlobalSection
	GlobalSection(SolutionProperties) = preSolution
		HideSolutionNode = FALSE
	EndGlobalSection
	GlobalSection(ExtensibilityGlobals) = postSolution
		SolutionGuid = {67072A13-9EE8-48DF-9FFA-DA0B1E585451}
	EndGlobalSection
EndGlobal
